// !$*UTF8*$!
{
	archiveVersion = 1;
	classes = {
	};
	objectVersion = 46;
	objects = {

/* Begin PBXBuildFile section */
		228DF17C1E79DB9A005EFD68 /* main.m in Sources */ = {isa = PBXBuildFile; fileRef = 228DF17B1E79DB9A005EFD68 /* main.m */; };
		228DF17F1E79DB9A005EFD68 /* AppDelegate.m in Sources */ = {isa = PBXBuildFile; fileRef = 228DF17E1E79DB9A005EFD68 /* AppDelegate.m */; };
		228DF1871E79DB9A005EFD68 /* Assets.xcassets in Resources */ = {isa = PBXBuildFile; fileRef = 228DF1861E79DB9A005EFD68 /* Assets.xcassets */; };
		228DF18A1E79DB9A005EFD68 /* LaunchScreen.storyboard in Resources */ = {isa = PBXBuildFile; fileRef = 228DF1881E79DB9A005EFD68 /* LaunchScreen.storyboard */; };
		228DF1951E79DB9A005EFD68 /* MailChimp_ChimperatorTests.m in Sources */ = {isa = PBXBuildFile; fileRef = 228DF1941E79DB9A005EFD68 /* MailChimp_ChimperatorTests.m */; };
		228DF1A01E79DB9A005EFD68 /* MailChimp_ChimperatorUITests.m in Sources */ = {isa = PBXBuildFile; fileRef = 228DF19F1E79DB9A005EFD68 /* MailChimp_ChimperatorUITests.m */; };
		228DF1AF1E79E3F7005EFD68 /* MCListTableViewController.m in Sources */ = {isa = PBXBuildFile; fileRef = 228DF1AE1E79E3F7005EFD68 /* MCListTableViewController.m */; };
		228DF1B31E79E41D005EFD68 /* MCSubscriberDetailViewController.m in Sources */ = {isa = PBXBuildFile; fileRef = 228DF1B11E79E41D005EFD68 /* MCSubscriberDetailViewController.m */; };
		228DF1B41E79E41D005EFD68 /* MCSubscriberDetailViewController.xib in Resources */ = {isa = PBXBuildFile; fileRef = 228DF1B21E79E41D005EFD68 /* MCSubscriberDetailViewController.xib */; };
		228DF1B71E79E445005EFD68 /* MCStore.m in Sources */ = {isa = PBXBuildFile; fileRef = 228DF1B61E79E445005EFD68 /* MCStore.m */; };
		22C476CF1E7F713400187331 /* MCList.m in Sources */ = {isa = PBXBuildFile; fileRef = 22C476CE1E7F713400187331 /* MCList.m */; };
		22C476D21E7F714100187331 /* MCMember.m in Sources */ = {isa = PBXBuildFile; fileRef = 22C476D11E7F714100187331 /* MCMember.m */; };
/* End PBXBuildFile section */

/* Begin PBXContainerItemProxy section */
		228DF1911E79DB9A005EFD68 /* PBXContainerItemProxy */ = {
			isa = PBXContainerItemProxy;
			containerPortal = 228DF16F1E79DB9A005EFD68 /* Project object */;
			proxyType = 1;
			remoteGlobalIDString = 228DF1761E79DB9A005EFD68;
			remoteInfo = "MailChimp Chimperator";
		};
		228DF19C1E79DB9A005EFD68 /* PBXContainerItemProxy */ = {
			isa = PBXContainerItemProxy;
			containerPortal = 228DF16F1E79DB9A005EFD68 /* Project object */;
			proxyType = 1;
			remoteGlobalIDString = 228DF1761E79DB9A005EFD68;
			remoteInfo = "MailChimp Chimperator";
		};
/* End PBXContainerItemProxy section */

/* Begin PBXFileReference section */
		228DF1771E79DB9A005EFD68 /* MailChimp Chimperator.app */ = {isa = PBXFileReference; explicitFileType = wrapper.application; includeInIndex = 0; path = "MailChimp Chimperator.app"; sourceTree = BUILT_PRODUCTS_DIR; };
		228DF17B1E79DB9A005EFD68 /* main.m */ = {isa = PBXFileReference; lastKnownFileType = sourcecode.c.objc; path = main.m; sourceTree = "<group>"; };
		228DF17D1E79DB9A005EFD68 /* AppDelegate.h */ = {isa = PBXFileReference; lastKnownFileType = sourcecode.c.h; path = AppDelegate.h; sourceTree = "<group>"; };
		228DF17E1E79DB9A005EFD68 /* AppDelegate.m */ = {isa = PBXFileReference; lastKnownFileType = sourcecode.c.objc; path = AppDelegate.m; sourceTree = "<group>"; };
		228DF1861E79DB9A005EFD68 /* Assets.xcassets */ = {isa = PBXFileReference; lastKnownFileType = folder.assetcatalog; path = Assets.xcassets; sourceTree = "<group>"; };
		228DF1891E79DB9A005EFD68 /* Base */ = {isa = PBXFileReference; lastKnownFileType = file.storyboard; name = Base; path = Base.lproj/LaunchScreen.storyboard; sourceTree = "<group>"; };
		228DF18B1E79DB9A005EFD68 /* Info.plist */ = {isa = PBXFileReference; lastKnownFileType = text.plist.xml; path = Info.plist; sourceTree = "<group>"; };
		228DF1901E79DB9A005EFD68 /* MailChimp ChimperatorTests.xctest */ = {isa = PBXFileReference; explicitFileType = wrapper.cfbundle; includeInIndex = 0; path = "MailChimp ChimperatorTests.xctest"; sourceTree = BUILT_PRODUCTS_DIR; };
		228DF1941E79DB9A005EFD68 /* MailChimp_ChimperatorTests.m */ = {isa = PBXFileReference; lastKnownFileType = sourcecode.c.objc; path = MailChimp_ChimperatorTests.m; sourceTree = "<group>"; };
		228DF1961E79DB9A005EFD68 /* Info.plist */ = {isa = PBXFileReference; lastKnownFileType = text.plist.xml; path = Info.plist; sourceTree = "<group>"; };
		228DF19B1E79DB9A005EFD68 /* MailChimp ChimperatorUITests.xctest */ = {isa = PBXFileReference; explicitFileType = wrapper.cfbundle; includeInIndex = 0; path = "MailChimp ChimperatorUITests.xctest"; sourceTree = BUILT_PRODUCTS_DIR; };
		228DF19F1E79DB9A005EFD68 /* MailChimp_ChimperatorUITests.m */ = {isa = PBXFileReference; lastKnownFileType = sourcecode.c.objc; path = MailChimp_ChimperatorUITests.m; sourceTree = "<group>"; };
		228DF1A11E79DB9A005EFD68 /* Info.plist */ = {isa = PBXFileReference; lastKnownFileType = text.plist.xml; path = Info.plist; sourceTree = "<group>"; };
		228DF1AD1E79E3F7005EFD68 /* MCListTableViewController.h */ = {isa = PBXFileReference; fileEncoding = 4; lastKnownFileType = sourcecode.c.h; path = MCListTableViewController.h; sourceTree = "<group>"; };
		228DF1AE1E79E3F7005EFD68 /* MCListTableViewController.m */ = {isa = PBXFileReference; fileEncoding = 4; lastKnownFileType = sourcecode.c.objc; path = MCListTableViewController.m; sourceTree = "<group>"; };
		228DF1B01E79E41D005EFD68 /* MCSubscriberDetailViewController.h */ = {isa = PBXFileReference; fileEncoding = 4; lastKnownFileType = sourcecode.c.h; path = MCSubscriberDetailViewController.h; sourceTree = "<group>"; };
		228DF1B11E79E41D005EFD68 /* MCSubscriberDetailViewController.m */ = {isa = PBXFileReference; fileEncoding = 4; lastKnownFileType = sourcecode.c.objc; path = MCSubscriberDetailViewController.m; sourceTree = "<group>"; };
		228DF1B21E79E41D005EFD68 /* MCSubscriberDetailViewController.xib */ = {isa = PBXFileReference; fileEncoding = 4; lastKnownFileType = file.xib; path = MCSubscriberDetailViewController.xib; sourceTree = "<group>"; };
		228DF1B51E79E445005EFD68 /* MCStore.h */ = {isa = PBXFileReference; fileEncoding = 4; lastKnownFileType = sourcecode.c.h; path = MCStore.h; sourceTree = "<group>"; };
		228DF1B61E79E445005EFD68 /* MCStore.m */ = {isa = PBXFileReference; fileEncoding = 4; lastKnownFileType = sourcecode.c.objc; path = MCStore.m; sourceTree = "<group>"; };
		22C476CD1E7F713400187331 /* MCList.h */ = {isa = PBXFileReference; fileEncoding = 4; lastKnownFileType = sourcecode.c.h; path = MCList.h; sourceTree = "<group>"; };
		22C476CE1E7F713400187331 /* MCList.m */ = {isa = PBXFileReference; fileEncoding = 4; lastKnownFileType = sourcecode.c.objc; path = MCList.m; sourceTree = "<group>"; };
		22C476D01E7F714100187331 /* MCMember.h */ = {isa = PBXFileReference; fileEncoding = 4; lastKnownFileType = sourcecode.c.h; path = MCMember.h; sourceTree = "<group>"; };
		22C476D11E7F714100187331 /* MCMember.m */ = {isa = PBXFileReference; fileEncoding = 4; lastKnownFileType = sourcecode.c.objc; path = MCMember.m; sourceTree = "<group>"; };
/* End PBXFileReference section */

/* Begin PBXFrameworksBuildPhase section */
		228DF1741E79DB9A005EFD68 /* Frameworks */ = {
			isa = PBXFrameworksBuildPhase;
			buildActionMask = 2147483647;
			files = (
			);
			runOnlyForDeploymentPostprocessing = 0;
		};
		228DF18D1E79DB9A005EFD68 /* Frameworks */ = {
			isa = PBXFrameworksBuildPhase;
			buildActionMask = 2147483647;
			files = (
			);
			runOnlyForDeploymentPostprocessing = 0;
		};
		228DF1981E79DB9A005EFD68 /* Frameworks */ = {
			isa = PBXFrameworksBuildPhase;
			buildActionMask = 2147483647;
			files = (
			);
			runOnlyForDeploymentPostprocessing = 0;
		};
/* End PBXFrameworksBuildPhase section */

/* Begin PBXGroup section */
		228DF16E1E79DB9A005EFD68 = {
			isa = PBXGroup;
			children = (
				228DF1791E79DB9A005EFD68 /* MailChimp Chimperator */,
				228DF1931E79DB9A005EFD68 /* MailChimp ChimperatorTests */,
				228DF19E1E79DB9A005EFD68 /* MailChimp ChimperatorUITests */,
				228DF1781E79DB9A005EFD68 /* Products */,
			);
			sourceTree = "<group>";
		};
		228DF1781E79DB9A005EFD68 /* Products */ = {
			isa = PBXGroup;
			children = (
				228DF1771E79DB9A005EFD68 /* MailChimp Chimperator.app */,
				228DF1901E79DB9A005EFD68 /* MailChimp ChimperatorTests.xctest */,
				228DF19B1E79DB9A005EFD68 /* MailChimp ChimperatorUITests.xctest */,
			);
			name = Products;
			sourceTree = "<group>";
		};
		228DF1791E79DB9A005EFD68 /* MailChimp Chimperator */ = {
			isa = PBXGroup;
			children = (
				228DF17D1E79DB9A005EFD68 /* AppDelegate.h */,
				228DF17E1E79DB9A005EFD68 /* AppDelegate.m */,
				22C476CC1E7F70F600187331 /* Model */,
				22C476CB1E7F70D300187331 /* ViewController */,
				22C476CA1E7F70CA00187331 /* Store */,
				228DF1861E79DB9A005EFD68 /* Assets.xcassets */,
				228DF1881E79DB9A005EFD68 /* LaunchScreen.storyboard */,
				228DF18B1E79DB9A005EFD68 /* Info.plist */,
				228DF17A1E79DB9A005EFD68 /* Supporting Files */,
			);
			path = "MailChimp Chimperator";
			sourceTree = "<group>";
		};
		228DF17A1E79DB9A005EFD68 /* Supporting Files */ = {
			isa = PBXGroup;
			children = (
				228DF17B1E79DB9A005EFD68 /* main.m */,
			);
			name = "Supporting Files";
			sourceTree = "<group>";
		};
		228DF1931E79DB9A005EFD68 /* MailChimp ChimperatorTests */ = {
			isa = PBXGroup;
			children = (
				228DF1941E79DB9A005EFD68 /* MailChimp_ChimperatorTests.m */,
				228DF1961E79DB9A005EFD68 /* Info.plist */,
			);
			path = "MailChimp ChimperatorTests";
			sourceTree = "<group>";
		};
		228DF19E1E79DB9A005EFD68 /* MailChimp ChimperatorUITests */ = {
			isa = PBXGroup;
			children = (
				228DF19F1E79DB9A005EFD68 /* MailChimp_ChimperatorUITests.m */,
				228DF1A11E79DB9A005EFD68 /* Info.plist */,
			);
			path = "MailChimp ChimperatorUITests";
			sourceTree = "<group>";
		};
		22C476CA1E7F70CA00187331 /* Store */ = {
			isa = PBXGroup;
			children = (
				228DF1B51E79E445005EFD68 /* MCStore.h */,
				228DF1B61E79E445005EFD68 /* MCStore.m */,
			);
			name = Store;
			sourceTree = "<group>";
		};
		22C476CB1E7F70D300187331 /* ViewController */ = {
			isa = PBXGroup;
			children = (
				228DF1AD1E79E3F7005EFD68 /* MCListTableViewController.h */,
				228DF1AE1E79E3F7005EFD68 /* MCListTableViewController.m */,
				228DF1B01E79E41D005EFD68 /* MCSubscriberDetailViewController.h */,
				228DF1B11E79E41D005EFD68 /* MCSubscriberDetailViewController.m */,
				228DF1B21E79E41D005EFD68 /* MCSubscriberDetailViewController.xib */,
			);
			name = ViewController;
			sourceTree = "<group>";
		};
		22C476CC1E7F70F600187331 /* Model */ = {
			isa = PBXGroup;
			children = (
				22C476CD1E7F713400187331 /* MCList.h */,
				22C476CE1E7F713400187331 /* MCList.m */,
				22C476D01E7F714100187331 /* MCMember.h */,
				22C476D11E7F714100187331 /* MCMember.m */,
			);
			name = Model;
			sourceTree = "<group>";
		};
/* End PBXGroup section */

/* Begin PBXNativeTarget section */
		228DF1761E79DB9A005EFD68 /* MailChimp Chimperator */ = {
			isa = PBXNativeTarget;
			buildConfigurationList = 228DF1A41E79DB9A005EFD68 /* Build configuration list for PBXNativeTarget "MailChimp Chimperator" */;
			buildPhases = (
				228DF1731E79DB9A005EFD68 /* Sources */,
				228DF1741E79DB9A005EFD68 /* Frameworks */,
				228DF1751E79DB9A005EFD68 /* Resources */,
			);
			buildRules = (
			);
			dependencies = (
			);
			name = "MailChimp Chimperator";
			productName = "MailChimp Chimperator";
			productReference = 228DF1771E79DB9A005EFD68 /* MailChimp Chimperator.app */;
			productType = "com.apple.product-type.application";
		};
		228DF18F1E79DB9A005EFD68 /* MailChimp ChimperatorTests */ = {
			isa = PBXNativeTarget;
			buildConfigurationList = 228DF1A71E79DB9A005EFD68 /* Build configuration list for PBXNativeTarget "MailChimp ChimperatorTests" */;
			buildPhases = (
				228DF18C1E79DB9A005EFD68 /* Sources */,
				228DF18D1E79DB9A005EFD68 /* Frameworks */,
				228DF18E1E79DB9A005EFD68 /* Resources */,
			);
			buildRules = (
			);
			dependencies = (
				228DF1921E79DB9A005EFD68 /* PBXTargetDependency */,
			);
			name = "MailChimp ChimperatorTests";
			productName = "MailChimp ChimperatorTests";
			productReference = 228DF1901E79DB9A005EFD68 /* MailChimp ChimperatorTests.xctest */;
			productType = "com.apple.product-type.bundle.unit-test";
		};
		228DF19A1E79DB9A005EFD68 /* MailChimp ChimperatorUITests */ = {
			isa = PBXNativeTarget;
			buildConfigurationList = 228DF1AA1E79DB9A005EFD68 /* Build configuration list for PBXNativeTarget "MailChimp ChimperatorUITests" */;
			buildPhases = (
				228DF1971E79DB9A005EFD68 /* Sources */,
				228DF1981E79DB9A005EFD68 /* Frameworks */,
				228DF1991E79DB9A005EFD68 /* Resources */,
			);
			buildRules = (
			);
			dependencies = (
				228DF19D1E79DB9A005EFD68 /* PBXTargetDependency */,
			);
			name = "MailChimp ChimperatorUITests";
			productName = "MailChimp ChimperatorUITests";
			productReference = 228DF19B1E79DB9A005EFD68 /* MailChimp ChimperatorUITests.xctest */;
			productType = "com.apple.product-type.bundle.ui-testing";
		};
/* End PBXNativeTarget section */

/* Begin PBXProject section */
		228DF16F1E79DB9A005EFD68 /* Project object */ = {
			isa = PBXProject;
			attributes = {
				LastUpgradeCheck = 0820;
				ORGANIZATIONNAME = "Florian Harr";
				TargetAttributes = {
					228DF1761E79DB9A005EFD68 = {
						CreatedOnToolsVersion = 8.2.1;
						DevelopmentTeam = DR3HWS5LMB;
						ProvisioningStyle = Automatic;
					};
					228DF18F1E79DB9A005EFD68 = {
						CreatedOnToolsVersion = 8.2.1;
						DevelopmentTeam = DR3HWS5LMB;
						ProvisioningStyle = Automatic;
						TestTargetID = 228DF1761E79DB9A005EFD68;
					};
					228DF19A1E79DB9A005EFD68 = {
						CreatedOnToolsVersion = 8.2.1;
						DevelopmentTeam = DR3HWS5LMB;
						ProvisioningStyle = Automatic;
						TestTargetID = 228DF1761E79DB9A005EFD68;
					};
				};
			};
			buildConfigurationList = 228DF1721E79DB9A005EFD68 /* Build configuration list for PBXProject "MailChimp Chimperator" */;
			compatibilityVersion = "Xcode 3.2";
			developmentRegion = English;
			hasScannedForEncodings = 0;
			knownRegions = (
				en,
				Base,
			);
			mainGroup = 228DF16E1E79DB9A005EFD68;
			productRefGroup = 228DF1781E79DB9A005EFD68 /* Products */;
			projectDirPath = "";
			projectRoot = "";
			targets = (
				228DF1761E79DB9A005EFD68 /* MailChimp Chimperator */,
				228DF18F1E79DB9A005EFD68 /* MailChimp ChimperatorTests */,
				228DF19A1E79DB9A005EFD68 /* MailChimp ChimperatorUITests */,
			);
		};
/* End PBXProject section */

/* Begin PBXResourcesBuildPhase section */
		228DF1751E79DB9A005EFD68 /* Resources */ = {
			isa = PBXResourcesBuildPhase;
			buildActionMask = 2147483647;
			files = (
				228DF1B41E79E41D005EFD68 /* MCSubscriberDetailViewController.xib in Resources */,
				228DF18A1E79DB9A005EFD68 /* LaunchScreen.storyboard in Resources */,
				228DF1871E79DB9A005EFD68 /* Assets.xcassets in Resources */,
			);
			runOnlyForDeploymentPostprocessing = 0;
		};
		228DF18E1E79DB9A005EFD68 /* Resources */ = {
			isa = PBXResourcesBuildPhase;
			buildActionMask = 2147483647;
			files = (
			);
			runOnlyForDeploymentPostprocessing = 0;
		};
		228DF1991E79DB9A005EFD68 /* Resources */ = {
			isa = PBXResourcesBuildPhase;
			buildActionMask = 2147483647;
			files = (
			);
			runOnlyForDeploymentPostprocessing = 0;
		};
/* End PBXResourcesBuildPhase section */

/* Begin PBXSourcesBuildPhase section */
		228DF1731E79DB9A005EFD68 /* Sources */ = {
			isa = PBXSourcesBuildPhase;
			buildActionMask = 2147483647;
			files = (
				228DF17F1E79DB9A005EFD68 /* AppDelegate.m in Sources */,
				228DF1AF1E79E3F7005EFD68 /* MCListTableViewController.m in Sources */,
				228DF17C1E79DB9A005EFD68 /* main.m in Sources */,
				22C476CF1E7F713400187331 /* MCList.m in Sources */,
				22C476D21E7F714100187331 /* MCMember.m in Sources */,
				228DF1B31E79E41D005EFD68 /* MCSubscriberDetailViewController.m in Sources */,
				228DF1B71E79E445005EFD68 /* MCStore.m in Sources */,
			);
			runOnlyForDeploymentPostprocessing = 0;
		};
		228DF18C1E79DB9A005EFD68 /* Sources */ = {
			isa = PBXSourcesBuildPhase;
			buildActionMask = 2147483647;
			files = (
				228DF1951E79DB9A005EFD68 /* MailChimp_ChimperatorTests.m in Sources */,
			);
			runOnlyForDeploymentPostprocessing = 0;
		};
		228DF1971E79DB9A005EFD68 /* Sources */ = {
			isa = PBXSourcesBuildPhase;
			buildActionMask = 2147483647;
			files = (
				228DF1A01E79DB9A005EFD68 /* MailChimp_ChimperatorUITests.m in Sources */,
			);
			runOnlyForDeploymentPostprocessing = 0;
		};
/* End PBXSourcesBuildPhase section */

/* Begin PBXTargetDependency section */
		228DF1921E79DB9A005EFD68 /* PBXTargetDependency */ = {
			isa = PBXTargetDependency;
			target = 228DF1761E79DB9A005EFD68 /* MailChimp Chimperator */;
			targetProxy = 228DF1911E79DB9A005EFD68 /* PBXContainerItemProxy */;
		};
		228DF19D1E79DB9A005EFD68 /* PBXTargetDependency */ = {
			isa = PBXTargetDependency;
			target = 228DF1761E79DB9A005EFD68 /* MailChimp Chimperator */;
			targetProxy = 228DF19C1E79DB9A005EFD68 /* PBXContainerItemProxy */;
		};
/* End PBXTargetDependency section */

/* Begin PBXVariantGroup section */
		228DF1881E79DB9A005EFD68 /* LaunchScreen.storyboard */ = {
			isa = PBXVariantGroup;
			children = (
				228DF1891E79DB9A005EFD68 /* Base */,
			);
			name = LaunchScreen.storyboard;
			sourceTree = "<group>";
		};
/* End PBXVariantGroup section */

/* Begin XCBuildConfiguration section */
		228DF1A21E79DB9A005EFD68 /* Debug */ = {
			isa = XCBuildConfiguration;
			buildSettings = {
				ALWAYS_SEARCH_USER_PATHS = NO;
				CLANG_ANALYZER_NONNULL = YES;
				CLANG_CXX_LANGUAGE_STANDARD = "gnu++0x";
				CLANG_CXX_LIBRARY = "libc++";
				CLANG_ENABLE_MODULES = YES;
				CLANG_ENABLE_OBJC_ARC = YES;
				CLANG_WARN_BOOL_CONVERSION = YES;
				CLANG_WARN_CONSTANT_CONVERSION = YES;
				CLANG_WARN_DIRECT_OBJC_ISA_USAGE = YES_ERROR;
				CLANG_WARN_DOCUMENTATION_COMMENTS = YES;
				CLANG_WARN_EMPTY_BODY = YES;
				CLANG_WARN_ENUM_CONVERSION = YES;
				CLANG_WARN_INFINITE_RECURSION = YES;
				CLANG_WARN_INT_CONVERSION = YES;
				CLANG_WARN_OBJC_ROOT_CLASS = YES_ERROR;
				CLANG_WARN_SUSPICIOUS_MOVE = YES;
				CLANG_WARN_UNREACHABLE_CODE = YES;
				CLANG_WARN__DUPLICATE_METHOD_MATCH = YES;
				"CODE_SIGN_IDENTITY[sdk=iphoneos*]" = "iPhone Developer";
				COPY_PHASE_STRIP = NO;
				DEBUG_INFORMATION_FORMAT = dwarf;
				ENABLE_STRICT_OBJC_MSGSEND = YES;
				ENABLE_TESTABILITY = YES;
				GCC_C_LANGUAGE_STANDARD = gnu99;
				GCC_DYNAMIC_NO_PIC = NO;
				GCC_NO_COMMON_BLOCKS = YES;
				GCC_OPTIMIZATION_LEVEL = 0;
				GCC_PREPROCESSOR_DEFINITIONS = (
					"DEBUG=1",
					"$(inherited)",
				);
				GCC_WARN_64_TO_32_BIT_CONVERSION = YES;
				GCC_WARN_ABOUT_RETURN_TYPE = YES_ERROR;
				GCC_WARN_UNDECLARED_SELECTOR = YES;
				GCC_WARN_UNINITIALIZED_AUTOS = YES_AGGRESSIVE;
				GCC_WARN_UNUSED_FUNCTION = YES;
				GCC_WARN_UNUSED_VARIABLE = YES;
				IPHONEOS_DEPLOYMENT_TARGET = 10.2;
				MTL_ENABLE_DEBUG_INFO = YES;
				ONLY_ACTIVE_ARCH = YES;
				SDKROOT = iphoneos;
				TARGETED_DEVICE_FAMILY = "1,2";
			};
			name = Debug;
		};
		228DF1A31E79DB9A005EFD68 /* Release */ = {
			isa = XCBuildConfiguration;
			buildSettings = {
				ALWAYS_SEARCH_USER_PATHS = NO;
				CLANG_ANALYZER_NONNULL = YES;
				CLANG_CXX_LANGUAGE_STANDARD = "gnu++0x";
				CLANG_CXX_LIBRARY = "libc++";
				CLANG_ENABLE_MODULES = YES;
				CLANG_ENABLE_OBJC_ARC = YES;
				CLANG_WARN_BOOL_CONVERSION = YES;
				CLANG_WARN_CONSTANT_CONVERSION = YES;
				CLANG_WARN_DIRECT_OBJC_ISA_USAGE = YES_ERROR;
				CLANG_WARN_DOCUMENTATION_COMMENTS = YES;
				CLANG_WARN_EMPTY_BODY = YES;
				CLANG_WARN_ENUM_CONVERSION = YES;
				CLANG_WARN_INFINITE_RECURSION = YES;
				CLANG_WARN_INT_CONVERSION = YES;
				CLANG_WARN_OBJC_ROOT_CLASS = YES_ERROR;
				CLANG_WARN_SUSPICIOUS_MOVE = YES;
				CLANG_WARN_UNREACHABLE_CODE = YES;
				CLANG_WARN__DUPLICATE_METHOD_MATCH = YES;
				"CODE_SIGN_IDENTITY[sdk=iphoneos*]" = "iPhone Developer";
				COPY_PHASE_STRIP = NO;
				DEBUG_INFORMATION_FORMAT = "dwarf-with-dsym";
				ENABLE_NS_ASSERTIONS = NO;
				ENABLE_STRICT_OBJC_MSGSEND = YES;
				GCC_C_LANGUAGE_STANDARD = gnu99;
				GCC_NO_COMMON_BLOCKS = YES;
				GCC_WARN_64_TO_32_BIT_CONVERSION = YES;
				GCC_WARN_ABOUT_RETURN_TYPE = YES_ERROR;
				GCC_WARN_UNDECLARED_SELECTOR = YES;
				GCC_WARN_UNINITIALIZED_AUTOS = YES_AGGRESSIVE;
				GCC_WARN_UNUSED_FUNCTION = YES;
				GCC_WARN_UNUSED_VARIABLE = YES;
				IPHONEOS_DEPLOYMENT_TARGET = 10.2;
				MTL_ENABLE_DEBUG_INFO = NO;
				SDKROOT = iphoneos;
				TARGETED_DEVICE_FAMILY = "1,2";
				VALIDATE_PRODUCT = YES;
			};
			name = Release;
		};
		228DF1A51E79DB9A005EFD68 /* Debug */ = {
			isa = XCBuildConfiguration;
			buildSettings = {
				ASSETCATALOG_COMPILER_APPICON_NAME = AppIcon;
				DEVELOPMENT_TEAM = DR3HWS5LMB;
				INFOPLIST_FILE = "MailChimp Chimperator/Info.plist";
				LD_RUNPATH_SEARCH_PATHS = "$(inherited) @executable_path/Frameworks";
				PRODUCT_BUNDLE_IDENTIFIER = "com.iFlorian.MailChimp-Chimperator";
				PRODUCT_NAME = "$(TARGET_NAME)";
			};
			name = Debug;
		};
		228DF1A61E79DB9A005EFD68 /* Release */ = {
			isa = XCBuildConfiguration;
			buildSettings = {
				ASSETCATALOG_COMPILER_APPICON_NAME = AppIcon;
				DEVELOPMENT_TEAM = DR3HWS5LMB;
				INFOPLIST_FILE = "MailChimp Chimperator/Info.plist";
				LD_RUNPATH_SEARCH_PATHS = "$(inherited) @executable_path/Frameworks";
				PRODUCT_BUNDLE_IDENTIFIER = "com.iFlorian.MailChimp-Chimperator";
				PRODUCT_NAME = "$(TARGET_NAME)";
			};
			name = Release;
		};
		228DF1A81E79DB9A005EFD68 /* Debug */ = {
			isa = XCBuildConfiguration;
			buildSettings = {
				BUNDLE_LOADER = "$(TEST_HOST)";
				DEVELOPMENT_TEAM = DR3HWS5LMB;
				INFOPLIST_FILE = "MailChimp ChimperatorTests/Info.plist";
				LD_RUNPATH_SEARCH_PATHS = "$(inherited) @executable_path/Frameworks @loader_path/Frameworks";
				PRODUCT_BUNDLE_IDENTIFIER = "com.iFlorian.MailChimp-ChimperatorTests";
				PRODUCT_NAME = "$(TARGET_NAME)";
				TEST_HOST = "$(BUILT_PRODUCTS_DIR)/MailChimp Chimperator.app/MailChimp Chimperator";
			};
			name = Debug;
		};
		228DF1A91E79DB9A005EFD68 /* Release */ = {
			isa = XCBuildConfiguration;
			buildSettings = {
				BUNDLE_LOADER = "$(TEST_HOST)";
				DEVELOPMENT_TEAM = DR3HWS5LMB;
				INFOPLIST_FILE = "MailChimp ChimperatorTests/Info.plist";
				LD_RUNPATH_SEARCH_PATHS = "$(inherited) @executable_path/Frameworks @loader_path/Frameworks";
				PRODUCT_BUNDLE_IDENTIFIER = "com.iFlorian.MailChimp-ChimperatorTests";
				PRODUCT_NAME = "$(TARGET_NAME)";
				TEST_HOST = "$(BUILT_PRODUCTS_DIR)/MailChimp Chimperator.app/MailChimp Chimperator";
			};
			name = Release;
		};
		228DF1AB1E79DB9A005EFD68 /* Debug */ = {
			isa = XCBuildConfiguration;
			buildSettings = {
				DEVELOPMENT_TEAM = DR3HWS5LMB;
				INFOPLIST_FILE = "MailChimp ChimperatorUITests/Info.plist";
				LD_RUNPATH_SEARCH_PATHS = "$(inherited) @executable_path/Frameworks @loader_path/Frameworks";
				PRODUCT_BUNDLE_IDENTIFIER = "com.iFlorian.MailChimp-ChimperatorUITests";
				PRODUCT_NAME = "$(TARGET_NAME)";
				TEST_TARGET_NAME = "MailChimp Chimperator";
			};
			name = Debug;
		};
		228DF1AC1E79DB9A005EFD68 /* Release */ = {
			isa = XCBuildConfiguration;
			buildSettings = {
				DEVELOPMENT_TEAM = DR3HWS5LMB;
				INFOPLIST_FILE = "MailChimp ChimperatorUITests/Info.plist";
				LD_RUNPATH_SEARCH_PATHS = "$(inherited) @executable_path/Frameworks @loader_path/Frameworks";
				PRODUCT_BUNDLE_IDENTIFIER = "com.iFlorian.MailChimp-ChimperatorUITests";
				PRODUCT_NAME = "$(TARGET_NAME)";
				TEST_TARGET_NAME = "MailChimp Chimperator";
			};
			name = Release;
		};
/* End XCBuildConfiguration section */

/* Begin XCConfigurationList section */
		228DF1721E79DB9A005EFD68 /* Build configuration list for PBXProject "MailChimp Chimperator" */ = {
			isa = XCConfigurationList;
			buildConfigurations = (
				228DF1A21E79DB9A005EFD68 /* Debug */,
				228DF1A31E79DB9A005EFD68 /* Release */,
			);
			defaultConfigurationIsVisible = 0;
			defaultConfigurationName = Release;
		};
		228DF1A41E79DB9A005EFD68 /* Build configuration list for PBXNativeTarget "MailChimp Chimperator" */ = {
			isa = XCConfigurationList;
			buildConfigurations = (
				228DF1A51E79DB9A005EFD68 /* Debug */,
				228DF1A61E79DB9A005EFD68 /* Release */,
			);
			defaultConfigurationIsVisible = 0;
			defaultConfigurationName = Release;
		};
		228DF1A71E79DB9A005EFD68 /* Build configuration list for PBXNativeTarget "MailChimp ChimperatorTests" */ = {
			isa = XCConfigurationList;
			buildConfigurations = (
				228DF1A81E79DB9A005EFD68 /* Debug */,
				228DF1A91E79DB9A005EFD68 /* Release */,
			);
			defaultConfigurationIsVisible = 0;
			defaultConfigurationName = Release;
		};
		228DF1AA1E79DB9A005EFD68 /* Build configuration list for PBXNativeTarget "MailChimp ChimperatorUITests" */ = {
			isa = XCConfigurationList;
			buildConfigurations = (
				228DF1AB1E79DB9A005EFD68 /* Debug */,
				228DF1AC1E79DB9A005EFD68 /* Release */,
			);
			defaultConfigurationIsVisible = 0;
			defaultConfigurationName = Release;
		};
/* End XCConfigurationList section */
	};
	rootObject = 228DF16F1E79DB9A005EFD68 /* Project object */;
}
